
Microsoft Visual Studio Solution File, Format Version 12.00
# Visual Studio 14
VisualStudioVersion = 14.0.25420.1
MinimumVisualStudioVersion = 10.0.40219.1
Project("{FAE04EC0-301F-11D3-BF4B-00C04F79EFBC}") = "RUAP_LV4", "RUAP_LV4\RUAP_LV4.csproj", "{57668395-A6DB-43FC-99A4-3A2370DCDFFE}"
EndProject
Global
	GlobalSection(SolutionConfigurationPlatforms) = preSolution
		Debug|Any CPU = Debug|Any CPU
		Release|Any CPU = Release|Any CPU
	EndGlobalSection
	GlobalSection(ProjectConfigurationPlatforms) = postSolution
		{57668395-A6DB-43FC-99A4-3A2370DCDFFE}.Debug|Any CPU.ActiveCfg = Debug|Any CPU
		{57668395-A6DB-43FC-99A4-3A2370DCDFFE}.Debug|Any CPU.Build.0 = Debug|Any CPU
		{57668395-A6DB-43FC-99A4-3A2370DCDFFE}.Release|Any CPU.ActiveCfg = Release|Any CPU
		{57668395-A6DB-43FC-99A4-3A2370DCDFFE}.Release|Any CPU.Build.0 = Release|Any CPU
	EndGlobalSection
	GlobalSection(SolutionProperties) = preSolution
		HideSolutionNode = FALSE
	EndGlobalSection
EndGlobal
